// !$*UTF8*$!
{
	archiveVersion = 1;
	classes = {
	};
	objectVersion = 46;
	objects = {

/* Begin PBXBuildFile section */
		BC21AC5F1D49F14E00377DFB /* main.m in Sources */ = {isa = PBXBuildFile; fileRef = BC21AC5E1D49F14E00377DFB /* main.m */; };
		BC21AC621D49F14E00377DFB /* AppDelegate.m in Sources */ = {isa = PBXBuildFile; fileRef = BC21AC611D49F14E00377DFB /* AppDelegate.m */; };
		BC21AC651D49F14E00377DFB /* ViewController.m in Sources */ = {isa = PBXBuildFile; fileRef = BC21AC641D49F14E00377DFB /* ViewController.m */; };
		BC21AC681D49F14E00377DFB /* Main.storyboard in Resources */ = {isa = PBXBuildFile; fileRef = BC21AC661D49F14E00377DFB /* Main.storyboard */; };
		BC21AC6A1D49F14E00377DFB /* Assets.xcassets in Resources */ = {isa = PBXBuildFile; fileRef = BC21AC691D49F14E00377DFB /* Assets.xcassets */; };
		BC21AC6D1D49F14E00377DFB /* LaunchScreen.storyboard in Resources */ = {isa = PBXBuildFile; fileRef = BC21AC6B1D49F14E00377DFB /* LaunchScreen.storyboard */; };
		BC21AC781D49F14E00377DFB /* WeatherTests.m in Sources */ = {isa = PBXBuildFile; fileRef = BC21AC771D49F14E00377DFB /* WeatherTests.m */; };
		BC21AC831D49F14E00377DFB /* WeatherUITests.m in Sources */ = {isa = PBXBuildFile; fileRef = BC21AC821D49F14E00377DFB /* WeatherUITests.m */; };
		BC21ACA11D4A0D1A00377DFB /* NotificationCenter.framework in Frameworks */ = {isa = PBXBuildFile; fileRef = BC21ACA01D4A0D1A00377DFB /* NotificationCenter.framework */; };
		BC21ACA51D4A0D1A00377DFB /* TodayViewController.m in Sources */ = {isa = PBXBuildFile; fileRef = BC21ACA41D4A0D1A00377DFB /* TodayViewController.m */; };
		BC21ACA81D4A0D1A00377DFB /* MainInterface.storyboard in Resources */ = {isa = PBXBuildFile; fileRef = BC21ACA61D4A0D1A00377DFB /* MainInterface.storyboard */; };
		BC21ACAC1D4A0D1A00377DFB /* Norkalni Weather.appex in Embed App Extensions */ = {isa = PBXBuildFile; fileRef = BC21AC9E1D4A0D1A00377DFB /* Norkalni Weather.appex */; settings = {ATTRIBUTES = (RemoveHeadersOnCopy, ); }; };
		BC21ACB91D4A111C00377DFB /* WeatherFramework.h in Headers */ = {isa = PBXBuildFile; fileRef = BC21ACB81D4A111C00377DFB /* WeatherFramework.h */; settings = {ATTRIBUTES = (Public, ); }; };
		BC21ACC01D4A111C00377DFB /* WeatherFramework.framework in Frameworks */ = {isa = PBXBuildFile; fileRef = BC21ACB61D4A111C00377DFB /* WeatherFramework.framework */; };
		BC21ACC71D4A111C00377DFB /* WeatherFrameworkTests.m in Sources */ = {isa = PBXBuildFile; fileRef = BC21ACC61D4A111C00377DFB /* WeatherFrameworkTests.m */; };
		BC21ACCB1D4A111C00377DFB /* WeatherFramework.framework in Frameworks */ = {isa = PBXBuildFile; fileRef = BC21ACB61D4A111C00377DFB /* WeatherFramework.framework */; };
		BC21ACCC1D4A111C00377DFB /* WeatherFramework.framework in Embed Frameworks */ = {isa = PBXBuildFile; fileRef = BC21ACB61D4A111C00377DFB /* WeatherFramework.framework */; settings = {ATTRIBUTES = (CodeSignOnCopy, RemoveHeadersOnCopy, ); }; };
		BC21ACD41D4A113300377DFB /* Weather.m in Sources */ = {isa = PBXBuildFile; fileRef = BC21AC911D49F1C600377DFB /* Weather.m */; };
		BC21ACD51D4A113600377DFB /* WeatherService.m in Sources */ = {isa = PBXBuildFile; fileRef = BC21AC961D49F3D700377DFB /* WeatherService.m */; };
		BC21ACD61D4A114200377DFB /* Weather.h in Headers */ = {isa = PBXBuildFile; fileRef = BC21AC901D49F1C600377DFB /* Weather.h */; settings = {ATTRIBUTES = (Public, ); }; };
		BC21ACD71D4A114700377DFB /* WeatherService.h in Headers */ = {isa = PBXBuildFile; fileRef = BC21AC951D49F3D700377DFB /* WeatherService.h */; settings = {ATTRIBUTES = (Public, ); }; };
		BC21ACDA1D4A11B500377DFB /* WeatherFramework.framework in Frameworks */ = {isa = PBXBuildFile; fileRef = BC21ACB61D4A111C00377DFB /* WeatherFramework.framework */; };
/* End PBXBuildFile section */

/* Begin PBXContainerItemProxy section */
		BC21AC741D49F14E00377DFB /* PBXContainerItemProxy */ = {
			isa = PBXContainerItemProxy;
			containerPortal = BC21AC521D49F14E00377DFB /* Project object */;
			proxyType = 1;
			remoteGlobalIDString = BC21AC591D49F14E00377DFB;
			remoteInfo = Weather;
		};
		BC21AC7F1D49F14E00377DFB /* PBXContainerItemProxy */ = {
			isa = PBXContainerItemProxy;
			containerPortal = BC21AC521D49F14E00377DFB /* Project object */;
			proxyType = 1;
			remoteGlobalIDString = BC21AC591D49F14E00377DFB;
			remoteInfo = Weather;
		};
		BC21ACAA1D4A0D1A00377DFB /* PBXContainerItemProxy */ = {
			isa = PBXContainerItemProxy;
			containerPortal = BC21AC521D49F14E00377DFB /* Project object */;
			proxyType = 1;
			remoteGlobalIDString = BC21AC9D1D4A0D1A00377DFB;
			remoteInfo = "Norkalni Weather";
		};
		BC21ACC11D4A111C00377DFB /* PBXContainerItemProxy */ = {
			isa = PBXContainerItemProxy;
			containerPortal = BC21AC521D49F14E00377DFB /* Project object */;
			proxyType = 1;
			remoteGlobalIDString = BC21ACB51D4A111C00377DFB;
			remoteInfo = WeatherFramework;
		};
		BC21ACC31D4A111C00377DFB /* PBXContainerItemProxy */ = {
			isa = PBXContainerItemProxy;
			containerPortal = BC21AC521D49F14E00377DFB /* Project object */;
			proxyType = 1;
			remoteGlobalIDString = BC21AC591D49F14E00377DFB;
			remoteInfo = Weather;
		};
		BC21ACC91D4A111C00377DFB /* PBXContainerItemProxy */ = {
			isa = PBXContainerItemProxy;
			containerPortal = BC21AC521D49F14E00377DFB /* Project object */;
			proxyType = 1;
			remoteGlobalIDString = BC21ACB51D4A111C00377DFB;
			remoteInfo = WeatherFramework;
		};
/* End PBXContainerItemProxy section */

/* Begin PBXCopyFilesBuildPhase section */
		BC21ACB01D4A0D1A00377DFB /* Embed App Extensions */ = {
			isa = PBXCopyFilesBuildPhase;
			buildActionMask = 2147483647;
			dstPath = "";
			dstSubfolderSpec = 13;
			files = (
				BC21ACAC1D4A0D1A00377DFB /* Norkalni Weather.appex in Embed App Extensions */,
			);
			name = "Embed App Extensions";
			runOnlyForDeploymentPostprocessing = 0;
		};
		BC21ACD01D4A111C00377DFB /* Embed Frameworks */ = {
			isa = PBXCopyFilesBuildPhase;
			buildActionMask = 2147483647;
			dstPath = "";
			dstSubfolderSpec = 10;
			files = (
				BC21ACCC1D4A111C00377DFB /* WeatherFramework.framework in Embed Frameworks */,
			);
			name = "Embed Frameworks";
			runOnlyForDeploymentPostprocessing = 0;
		};
/* End PBXCopyFilesBuildPhase section */

/* Begin PBXFileReference section */
		BC21AC5A1D49F14E00377DFB /* Weather.app */ = {isa = PBXFileReference; explicitFileType = wrapper.application; includeInIndex = 0; path = Weather.app; sourceTree = BUILT_PRODUCTS_DIR; };
		BC21AC5E1D49F14E00377DFB /* main.m */ = {isa = PBXFileReference; lastKnownFileType = sourcecode.c.objc; path = main.m; sourceTree = "<group>"; };
		BC21AC601D49F14E00377DFB /* AppDelegate.h */ = {isa = PBXFileReference; lastKnownFileType = sourcecode.c.h; path = AppDelegate.h; sourceTree = "<group>"; };
		BC21AC611D49F14E00377DFB /* AppDelegate.m */ = {isa = PBXFileReference; lastKnownFileType = sourcecode.c.objc; path = AppDelegate.m; sourceTree = "<group>"; };
		BC21AC631D49F14E00377DFB /* ViewController.h */ = {isa = PBXFileReference; lastKnownFileType = sourcecode.c.h; path = ViewController.h; sourceTree = "<group>"; };
		BC21AC641D49F14E00377DFB /* ViewController.m */ = {isa = PBXFileReference; lastKnownFileType = sourcecode.c.objc; path = ViewController.m; sourceTree = "<group>"; };
		BC21AC671D49F14E00377DFB /* Base */ = {isa = PBXFileReference; lastKnownFileType = file.storyboard; name = Base; path = Base.lproj/Main.storyboard; sourceTree = "<group>"; };
		BC21AC691D49F14E00377DFB /* Assets.xcassets */ = {isa = PBXFileReference; lastKnownFileType = folder.assetcatalog; path = Assets.xcassets; sourceTree = "<group>"; };
		BC21AC6C1D49F14E00377DFB /* Base */ = {isa = PBXFileReference; lastKnownFileType = file.storyboard; name = Base; path = Base.lproj/LaunchScreen.storyboard; sourceTree = "<group>"; };
		BC21AC6E1D49F14E00377DFB /* Info.plist */ = {isa = PBXFileReference; lastKnownFileType = text.plist.xml; path = Info.plist; sourceTree = "<group>"; };
		BC21AC731D49F14E00377DFB /* WeatherTests.xctest */ = {isa = PBXFileReference; explicitFileType = wrapper.cfbundle; includeInIndex = 0; path = WeatherTests.xctest; sourceTree = BUILT_PRODUCTS_DIR; };
		BC21AC771D49F14E00377DFB /* WeatherTests.m */ = {isa = PBXFileReference; lastKnownFileType = sourcecode.c.objc; path = WeatherTests.m; sourceTree = "<group>"; };
		BC21AC791D49F14E00377DFB /* Info.plist */ = {isa = PBXFileReference; lastKnownFileType = text.plist.xml; path = Info.plist; sourceTree = "<group>"; };
		BC21AC7E1D49F14E00377DFB /* WeatherUITests.xctest */ = {isa = PBXFileReference; explicitFileType = wrapper.cfbundle; includeInIndex = 0; path = WeatherUITests.xctest; sourceTree = BUILT_PRODUCTS_DIR; };
		BC21AC821D49F14E00377DFB /* WeatherUITests.m */ = {isa = PBXFileReference; lastKnownFileType = sourcecode.c.objc; path = WeatherUITests.m; sourceTree = "<group>"; };
		BC21AC841D49F14E00377DFB /* Info.plist */ = {isa = PBXFileReference; lastKnownFileType = text.plist.xml; path = Info.plist; sourceTree = "<group>"; };
		BC21AC901D49F1C600377DFB /* Weather.h */ = {isa = PBXFileReference; fileEncoding = 4; lastKnownFileType = sourcecode.c.h; name = Weather.h; path = ../Weather/Weather.h; sourceTree = "<group>"; };
		BC21AC911D49F1C600377DFB /* Weather.m */ = {isa = PBXFileReference; fileEncoding = 4; lastKnownFileType = sourcecode.c.objc; name = Weather.m; path = ../Weather/Weather.m; sourceTree = "<group>"; };
		BC21AC951D49F3D700377DFB /* WeatherService.h */ = {isa = PBXFileReference; fileEncoding = 4; lastKnownFileType = sourcecode.c.h; name = WeatherService.h; path = ../Weather/WeatherService.h; sourceTree = "<group>"; };
		BC21AC961D49F3D700377DFB /* WeatherService.m */ = {isa = PBXFileReference; fileEncoding = 4; lastKnownFileType = sourcecode.c.objc; name = WeatherService.m; path = ../Weather/WeatherService.m; sourceTree = "<group>"; };
		BC21AC9E1D4A0D1A00377DFB /* Norkalni Weather.appex */ = {isa = PBXFileReference; explicitFileType = "wrapper.app-extension"; includeInIndex = 0; path = "Norkalni Weather.appex"; sourceTree = BUILT_PRODUCTS_DIR; };
		BC21ACA01D4A0D1A00377DFB /* NotificationCenter.framework */ = {isa = PBXFileReference; lastKnownFileType = wrapper.framework; name = NotificationCenter.framework; path = System/Library/Frameworks/NotificationCenter.framework; sourceTree = SDKROOT; };
		BC21ACA31D4A0D1A00377DFB /* TodayViewController.h */ = {isa = PBXFileReference; lastKnownFileType = sourcecode.c.h; path = TodayViewController.h; sourceTree = "<group>"; };
		BC21ACA41D4A0D1A00377DFB /* TodayViewController.m */ = {isa = PBXFileReference; lastKnownFileType = sourcecode.c.objc; path = TodayViewController.m; sourceTree = "<group>"; };
		BC21ACA71D4A0D1A00377DFB /* Base */ = {isa = PBXFileReference; lastKnownFileType = file.storyboard; name = Base; path = Base.lproj/MainInterface.storyboard; sourceTree = "<group>"; };
		BC21ACA91D4A0D1A00377DFB /* Info.plist */ = {isa = PBXFileReference; lastKnownFileType = text.plist.xml; path = Info.plist; sourceTree = "<group>"; };
		BC21ACB61D4A111C00377DFB /* WeatherFramework.framework */ = {isa = PBXFileReference; explicitFileType = wrapper.framework; includeInIndex = 0; path = WeatherFramework.framework; sourceTree = BUILT_PRODUCTS_DIR; };
		BC21ACB81D4A111C00377DFB /* WeatherFramework.h */ = {isa = PBXFileReference; lastKnownFileType = sourcecode.c.h; path = WeatherFramework.h; sourceTree = "<group>"; };
		BC21ACBA1D4A111C00377DFB /* Info.plist */ = {isa = PBXFileReference; lastKnownFileType = text.plist.xml; path = Info.plist; sourceTree = "<group>"; };
		BC21ACBF1D4A111C00377DFB /* WeatherFrameworkTests.xctest */ = {isa = PBXFileReference; explicitFileType = wrapper.cfbundle; includeInIndex = 0; path = WeatherFrameworkTests.xctest; sourceTree = BUILT_PRODUCTS_DIR; };
		BC21ACC61D4A111C00377DFB /* WeatherFrameworkTests.m */ = {isa = PBXFileReference; lastKnownFileType = sourcecode.c.objc; path = WeatherFrameworkTests.m; sourceTree = "<group>"; };
		BC21ACC81D4A111C00377DFB /* Info.plist */ = {isa = PBXFileReference; lastKnownFileType = text.plist.xml; path = Info.plist; sourceTree = "<group>"; };
/* End PBXFileReference section */

/* Begin PBXFrameworksBuildPhase section */
		BC21AC571D49F14E00377DFB /* Frameworks */ = {
			isa = PBXFrameworksBuildPhase;
			buildActionMask = 2147483647;
			files = (
				BC21ACCB1D4A111C00377DFB /* WeatherFramework.framework in Frameworks */,
			);
			runOnlyForDeploymentPostprocessing = 0;
		};
		BC21AC701D49F14E00377DFB /* Frameworks */ = {
			isa = PBXFrameworksBuildPhase;
			buildActionMask = 2147483647;
			files = (
			);
			runOnlyForDeploymentPostprocessing = 0;
		};
		BC21AC7B1D49F14E00377DFB /* Frameworks */ = {
			isa = PBXFrameworksBuildPhase;
			buildActionMask = 2147483647;
			files = (
			);
			runOnlyForDeploymentPostprocessing = 0;
		};
		BC21AC9B1D4A0D1A00377DFB /* Frameworks */ = {
			isa = PBXFrameworksBuildPhase;
			buildActionMask = 2147483647;
			files = (
				BC21ACDA1D4A11B500377DFB /* WeatherFramework.framework in Frameworks */,
				BC21ACA11D4A0D1A00377DFB /* NotificationCenter.framework in Frameworks */,
			);
			runOnlyForDeploymentPostprocessing = 0;
		};
		BC21ACB21D4A111C00377DFB /* Frameworks */ = {
			isa = PBXFrameworksBuildPhase;
			buildActionMask = 2147483647;
			files = (
			);
			runOnlyForDeploymentPostprocessing = 0;
		};
		BC21ACBC1D4A111C00377DFB /* Frameworks */ = {
			isa = PBXFrameworksBuildPhase;
			buildActionMask = 2147483647;
			files = (
				BC21ACC01D4A111C00377DFB /* WeatherFramework.framework in Frameworks */,
			);
			runOnlyForDeploymentPostprocessing = 0;
		};
/* End PBXFrameworksBuildPhase section */

/* Begin PBXGroup section */
		BC21AC511D49F14E00377DFB = {
			isa = PBXGroup;
			children = (
				BC21AC5C1D49F14E00377DFB /* Weather */,
				BC21AC761D49F14E00377DFB /* WeatherTests */,
				BC21AC811D49F14E00377DFB /* WeatherUITests */,
				BC21ACA21D4A0D1A00377DFB /* Norkalni Weather */,
				BC21ACB71D4A111C00377DFB /* WeatherFramework */,
				BC21ACC51D4A111C00377DFB /* WeatherFrameworkTests */,
				BC21AC9F1D4A0D1A00377DFB /* Frameworks */,
				BC21AC5B1D49F14E00377DFB /* Products */,
			);
			sourceTree = "<group>";
		};
		BC21AC5B1D49F14E00377DFB /* Products */ = {
			isa = PBXGroup;
			children = (
				BC21AC5A1D49F14E00377DFB /* Weather.app */,
				BC21AC731D49F14E00377DFB /* WeatherTests.xctest */,
				BC21AC7E1D49F14E00377DFB /* WeatherUITests.xctest */,
				BC21AC9E1D4A0D1A00377DFB /* Norkalni Weather.appex */,
				BC21ACB61D4A111C00377DFB /* WeatherFramework.framework */,
				BC21ACBF1D4A111C00377DFB /* WeatherFrameworkTests.xctest */,
			);
			name = Products;
			sourceTree = "<group>";
		};
		BC21AC5C1D49F14E00377DFB /* Weather */ = {
			isa = PBXGroup;
			children = (
				BC21AC601D49F14E00377DFB /* AppDelegate.h */,
				BC21AC611D49F14E00377DFB /* AppDelegate.m */,
				BC21AC631D49F14E00377DFB /* ViewController.h */,
				BC21AC641D49F14E00377DFB /* ViewController.m */,
				BC21AC661D49F14E00377DFB /* Main.storyboard */,
				BC21AC691D49F14E00377DFB /* Assets.xcassets */,
				BC21AC6B1D49F14E00377DFB /* LaunchScreen.storyboard */,
				BC21AC6E1D49F14E00377DFB /* Info.plist */,
				BC21AC5D1D49F14E00377DFB /* Supporting Files */,
			);
			path = Weather;
			sourceTree = "<group>";
		};
		BC21AC5D1D49F14E00377DFB /* Supporting Files */ = {
			isa = PBXGroup;
			children = (
				BC21AC5E1D49F14E00377DFB /* main.m */,
			);
			name = "Supporting Files";
			sourceTree = "<group>";
		};
		BC21AC761D49F14E00377DFB /* WeatherTests */ = {
			isa = PBXGroup;
			children = (
				BC21AC771D49F14E00377DFB /* WeatherTests.m */,
				BC21AC791D49F14E00377DFB /* Info.plist */,
			);
			path = WeatherTests;
			sourceTree = "<group>";
		};
		BC21AC811D49F14E00377DFB /* WeatherUITests */ = {
			isa = PBXGroup;
			children = (
				BC21AC821D49F14E00377DFB /* WeatherUITests.m */,
				BC21AC841D49F14E00377DFB /* Info.plist */,
			);
			path = WeatherUITests;
			sourceTree = "<group>";
		};
		BC21AC9F1D4A0D1A00377DFB /* Frameworks */ = {
			isa = PBXGroup;
			children = (
				BC21ACA01D4A0D1A00377DFB /* NotificationCenter.framework */,
			);
			name = Frameworks;
			sourceTree = "<group>";
		};
		BC21ACA21D4A0D1A00377DFB /* Norkalni Weather */ = {
			isa = PBXGroup;
			children = (
				BC21ACA31D4A0D1A00377DFB /* TodayViewController.h */,
				BC21ACA41D4A0D1A00377DFB /* TodayViewController.m */,
				BC21ACA61D4A0D1A00377DFB /* MainInterface.storyboard */,
				BC21ACA91D4A0D1A00377DFB /* Info.plist */,
			);
			path = "Norkalni Weather";
			sourceTree = "<group>";
		};
		BC21ACB71D4A111C00377DFB /* WeatherFramework */ = {
			isa = PBXGroup;
			children = (
				BC21AC901D49F1C600377DFB /* Weather.h */,
				BC21AC911D49F1C600377DFB /* Weather.m */,
				BC21AC951D49F3D700377DFB /* WeatherService.h */,
				BC21AC961D49F3D700377DFB /* WeatherService.m */,
				BC21ACB81D4A111C00377DFB /* WeatherFramework.h */,
				BC21ACBA1D4A111C00377DFB /* Info.plist */,
			);
			path = WeatherFramework;
			sourceTree = "<group>";
		};
		BC21ACC51D4A111C00377DFB /* WeatherFrameworkTests */ = {
			isa = PBXGroup;
			children = (
				BC21ACC61D4A111C00377DFB /* WeatherFrameworkTests.m */,
				BC21ACC81D4A111C00377DFB /* Info.plist */,
			);
			path = WeatherFrameworkTests;
			sourceTree = "<group>";
		};
/* End PBXGroup section */

/* Begin PBXHeadersBuildPhase section */
		BC21ACB31D4A111C00377DFB /* Headers */ = {
			isa = PBXHeadersBuildPhase;
			buildActionMask = 2147483647;
			files = (
				BC21ACB91D4A111C00377DFB /* WeatherFramework.h in Headers */,
				BC21ACD71D4A114700377DFB /* WeatherService.h in Headers */,
				BC21ACD61D4A114200377DFB /* Weather.h in Headers */,
			);
			runOnlyForDeploymentPostprocessing = 0;
		};
/* End PBXHeadersBuildPhase section */

/* Begin PBXNativeTarget section */
		BC21AC591D49F14E00377DFB /* Weather */ = {
			isa = PBXNativeTarget;
			buildConfigurationList = BC21AC871D49F14E00377DFB /* Build configuration list for PBXNativeTarget "Weather" */;
			buildPhases = (
				BC21AC561D49F14E00377DFB /* Sources */,
				BC21AC571D49F14E00377DFB /* Frameworks */,
				BC21AC581D49F14E00377DFB /* Resources */,
				BC21ACB01D4A0D1A00377DFB /* Embed App Extensions */,
				BC21ACD01D4A111C00377DFB /* Embed Frameworks */,
			);
			buildRules = (
			);
			dependencies = (
				BC21ACAB1D4A0D1A00377DFB /* PBXTargetDependency */,
				BC21ACCA1D4A111C00377DFB /* PBXTargetDependency */,
			);
			name = Weather;
			productName = Weather;
			productReference = BC21AC5A1D49F14E00377DFB /* Weather.app */;
			productType = "com.apple.product-type.application";
		};
		BC21AC721D49F14E00377DFB /* WeatherTests */ = {
			isa = PBXNativeTarget;
			buildConfigurationList = BC21AC8A1D49F14E00377DFB /* Build configuration list for PBXNativeTarget "WeatherTests" */;
			buildPhases = (
				BC21AC6F1D49F14E00377DFB /* Sources */,
				BC21AC701D49F14E00377DFB /* Frameworks */,
				BC21AC711D49F14E00377DFB /* Resources */,
			);
			buildRules = (
			);
			dependencies = (
				BC21AC751D49F14E00377DFB /* PBXTargetDependency */,
			);
			name = WeatherTests;
			productName = WeatherTests;
			productReference = BC21AC731D49F14E00377DFB /* WeatherTests.xctest */;
			productType = "com.apple.product-type.bundle.unit-test";
		};
		BC21AC7D1D49F14E00377DFB /* WeatherUITests */ = {
			isa = PBXNativeTarget;
			buildConfigurationList = BC21AC8D1D49F14E00377DFB /* Build configuration list for PBXNativeTarget "WeatherUITests" */;
			buildPhases = (
				BC21AC7A1D49F14E00377DFB /* Sources */,
				BC21AC7B1D49F14E00377DFB /* Frameworks */,
				BC21AC7C1D49F14E00377DFB /* Resources */,
			);
			buildRules = (
			);
			dependencies = (
				BC21AC801D49F14E00377DFB /* PBXTargetDependency */,
			);
			name = WeatherUITests;
			productName = WeatherUITests;
			productReference = BC21AC7E1D49F14E00377DFB /* WeatherUITests.xctest */;
			productType = "com.apple.product-type.bundle.ui-testing";
		};
		BC21AC9D1D4A0D1A00377DFB /* Norkalni Weather */ = {
			isa = PBXNativeTarget;
			buildConfigurationList = BC21ACAF1D4A0D1A00377DFB /* Build configuration list for PBXNativeTarget "Norkalni Weather" */;
			buildPhases = (
				BC21AC9A1D4A0D1A00377DFB /* Sources */,
				BC21AC9B1D4A0D1A00377DFB /* Frameworks */,
				BC21AC9C1D4A0D1A00377DFB /* Resources */,
			);
			buildRules = (
			);
			dependencies = (
			);
			name = "Norkalni Weather";
			productName = "Norkalni Weather";
			productReference = BC21AC9E1D4A0D1A00377DFB /* Norkalni Weather.appex */;
			productType = "com.apple.product-type.app-extension";
		};
		BC21ACB51D4A111C00377DFB /* WeatherFramework */ = {
			isa = PBXNativeTarget;
			buildConfigurationList = BC21ACCD1D4A111C00377DFB /* Build configuration list for PBXNativeTarget "WeatherFramework" */;
			buildPhases = (
				BC21ACB11D4A111C00377DFB /* Sources */,
				BC21ACB21D4A111C00377DFB /* Frameworks */,
				BC21ACB31D4A111C00377DFB /* Headers */,
				BC21ACB41D4A111C00377DFB /* Resources */,
			);
			buildRules = (
			);
			dependencies = (
			);
			name = WeatherFramework;
			productName = WeatherFramework;
			productReference = BC21ACB61D4A111C00377DFB /* WeatherFramework.framework */;
			productType = "com.apple.product-type.framework";
		};
		BC21ACBE1D4A111C00377DFB /* WeatherFrameworkTests */ = {
			isa = PBXNativeTarget;
			buildConfigurationList = BC21ACD11D4A111C00377DFB /* Build configuration list for PBXNativeTarget "WeatherFrameworkTests" */;
			buildPhases = (
				BC21ACBB1D4A111C00377DFB /* Sources */,
				BC21ACBC1D4A111C00377DFB /* Frameworks */,
				BC21ACBD1D4A111C00377DFB /* Resources */,
			);
			buildRules = (
			);
			dependencies = (
				BC21ACC21D4A111C00377DFB /* PBXTargetDependency */,
				BC21ACC41D4A111C00377DFB /* PBXTargetDependency */,
			);
			name = WeatherFrameworkTests;
			productName = WeatherFrameworkTests;
			productReference = BC21ACBF1D4A111C00377DFB /* WeatherFrameworkTests.xctest */;
			productType = "com.apple.product-type.bundle.unit-test";
		};
/* End PBXNativeTarget section */

/* Begin PBXProject section */
		BC21AC521D49F14E00377DFB /* Project object */ = {
			isa = PBXProject;
			attributes = {
				LastUpgradeCheck = 0730;
				ORGANIZATIONNAME = "Dmitry Beloborodov";
				TargetAttributes = {
					BC21AC591D49F14E00377DFB = {
						CreatedOnToolsVersion = 7.3.1;
					};
					BC21AC721D49F14E00377DFB = {
						CreatedOnToolsVersion = 7.3.1;
						TestTargetID = BC21AC591D49F14E00377DFB;
					};
					BC21AC7D1D49F14E00377DFB = {
						CreatedOnToolsVersion = 7.3.1;
						TestTargetID = BC21AC591D49F14E00377DFB;
					};
					BC21AC9D1D4A0D1A00377DFB = {
						CreatedOnToolsVersion = 7.3.1;
					};
					BC21ACB51D4A111C00377DFB = {
						CreatedOnToolsVersion = 7.3.1;
					};
					BC21ACBE1D4A111C00377DFB = {
						CreatedOnToolsVersion = 7.3.1;
						TestTargetID = BC21AC591D49F14E00377DFB;
					};
				};
			};
			buildConfigurationList = BC21AC551D49F14E00377DFB /* Build configuration list for PBXProject "Weather" */;
			compatibilityVersion = "Xcode 3.2";
			developmentRegion = English;
			hasScannedForEncodings = 0;
			knownRegions = (
				en,
				Base,
			);
			mainGroup = BC21AC511D49F14E00377DFB;
			productRefGroup = BC21AC5B1D49F14E00377DFB /* Products */;
			projectDirPath = "";
			projectRoot = "";
			targets = (
				BC21AC591D49F14E00377DFB /* Weather */,
				BC21AC721D49F14E00377DFB /* WeatherTests */,
				BC21AC7D1D49F14E00377DFB /* WeatherUITests */,
				BC21AC9D1D4A0D1A00377DFB /* Norkalni Weather */,
				BC21ACB51D4A111C00377DFB /* WeatherFramework */,
				BC21ACBE1D4A111C00377DFB /* WeatherFrameworkTests */,
			);
		};
/* End PBXProject section */

/* Begin PBXResourcesBuildPhase section */
		BC21AC581D49F14E00377DFB /* Resources */ = {
			isa = PBXResourcesBuildPhase;
			buildActionMask = 2147483647;
			files = (
				BC21AC6D1D49F14E00377DFB /* LaunchScreen.storyboard in Resources */,
				BC21AC6A1D49F14E00377DFB /* Assets.xcassets in Resources */,
				BC21AC681D49F14E00377DFB /* Main.storyboard in Resources */,
			);
			runOnlyForDeploymentPostprocessing = 0;
		};
		BC21AC711D49F14E00377DFB /* Resources */ = {
			isa = PBXResourcesBuildPhase;
			buildActionMask = 2147483647;
			files = (
			);
			runOnlyForDeploymentPostprocessing = 0;
		};
		BC21AC7C1D49F14E00377DFB /* Resources */ = {
			isa = PBXResourcesBuildPhase;
			buildActionMask = 2147483647;
			files = (
			);
			runOnlyForDeploymentPostprocessing = 0;
		};
		BC21AC9C1D4A0D1A00377DFB /* Resources */ = {
			isa = PBXResourcesBuildPhase;
			buildActionMask = 2147483647;
			files = (
				BC21ACA81D4A0D1A00377DFB /* MainInterface.storyboard in Resources */,
			);
			runOnlyForDeploymentPostprocessing = 0;
		};
		BC21ACB41D4A111C00377DFB /* Resources */ = {
			isa = PBXResourcesBuildPhase;
			buildActionMask = 2147483647;
			files = (
			);
			runOnlyForDeploymentPostprocessing = 0;
		};
		BC21ACBD1D4A111C00377DFB /* Resources */ = {
			isa = PBXResourcesBuildPhase;
			buildActionMask = 2147483647;
			files = (
			);
			runOnlyForDeploymentPostprocessing = 0;
		};
/* End PBXResourcesBuildPhase section */

/* Begin PBXSourcesBuildPhase section */
		BC21AC561D49F14E00377DFB /* Sources */ = {
			isa = PBXSourcesBuildPhase;
			buildActionMask = 2147483647;
			files = (
				BC21AC651D49F14E00377DFB /* ViewController.m in Sources */,
				BC21AC621D49F14E00377DFB /* AppDelegate.m in Sources */,
				BC21AC5F1D49F14E00377DFB /* main.m in Sources */,
			);
			runOnlyForDeploymentPostprocessing = 0;
		};
		BC21AC6F1D49F14E00377DFB /* Sources */ = {
			isa = PBXSourcesBuildPhase;
			buildActionMask = 2147483647;
			files = (
				BC21AC781D49F14E00377DFB /* WeatherTests.m in Sources */,
			);
			runOnlyForDeploymentPostprocessing = 0;
		};
		BC21AC7A1D49F14E00377DFB /* Sources */ = {
			isa = PBXSourcesBuildPhase;
			buildActionMask = 2147483647;
			files = (
				BC21AC831D49F14E00377DFB /* WeatherUITests.m in Sources */,
			);
			runOnlyForDeploymentPostprocessing = 0;
		};
		BC21AC9A1D4A0D1A00377DFB /* Sources */ = {
			isa = PBXSourcesBuildPhase;
			buildActionMask = 2147483647;
			files = (
				BC21ACA51D4A0D1A00377DFB /* TodayViewController.m in Sources */,
			);
			runOnlyForDeploymentPostprocessing = 0;
		};
		BC21ACB11D4A111C00377DFB /* Sources */ = {
			isa = PBXSourcesBuildPhase;
			buildActionMask = 2147483647;
			files = (
				BC21ACD51D4A113600377DFB /* WeatherService.m in Sources */,
				BC21ACD41D4A113300377DFB /* Weather.m in Sources */,
			);
			runOnlyForDeploymentPostprocessing = 0;
		};
		BC21ACBB1D4A111C00377DFB /* Sources */ = {
			isa = PBXSourcesBuildPhase;
			buildActionMask = 2147483647;
			files = (
				BC21ACC71D4A111C00377DFB /* WeatherFrameworkTests.m in Sources */,
			);
			runOnlyForDeploymentPostprocessing = 0;
		};
/* End PBXSourcesBuildPhase section */

/* Begin PBXTargetDependency section */
		BC21AC751D49F14E00377DFB /* PBXTargetDependency */ = {
			isa = PBXTargetDependency;
			target = BC21AC591D49F14E00377DFB /* Weather */;
			targetProxy = BC21AC741D49F14E00377DFB /* PBXContainerItemProxy */;
		};
		BC21AC801D49F14E00377DFB /* PBXTargetDependency */ = {
			isa = PBXTargetDependency;
			target = BC21AC591D49F14E00377DFB /* Weather */;
			targetProxy = BC21AC7F1D49F14E00377DFB /* PBXContainerItemProxy */;
		};
		BC21ACAB1D4A0D1A00377DFB /* PBXTargetDependency */ = {
			isa = PBXTargetDependency;
			target = BC21AC9D1D4A0D1A00377DFB /* Norkalni Weather */;
			targetProxy = BC21ACAA1D4A0D1A00377DFB /* PBXContainerItemProxy */;
		};
		BC21ACC21D4A111C00377DFB /* PBXTargetDependency */ = {
			isa = PBXTargetDependency;
			target = BC21ACB51D4A111C00377DFB /* WeatherFramework */;
			targetProxy = BC21ACC11D4A111C00377DFB /* PBXContainerItemProxy */;
		};
		BC21ACC41D4A111C00377DFB /* PBXTargetDependency */ = {
			isa = PBXTargetDependency;
			target = BC21AC591D49F14E00377DFB /* Weather */;
			targetProxy = BC21ACC31D4A111C00377DFB /* PBXContainerItemProxy */;
		};
		BC21ACCA1D4A111C00377DFB /* PBXTargetDependency */ = {
			isa = PBXTargetDependency;
			target = BC21ACB51D4A111C00377DFB /* WeatherFramework */;
			targetProxy = BC21ACC91D4A111C00377DFB /* PBXContainerItemProxy */;
		};
/* End PBXTargetDependency section */

/* Begin PBXVariantGroup section */
		BC21AC661D49F14E00377DFB /* Main.storyboard */ = {
			isa = PBXVariantGroup;
			children = (
				BC21AC671D49F14E00377DFB /* Base */,
			);
			name = Main.storyboard;
			sourceTree = "<group>";
		};
		BC21AC6B1D49F14E00377DFB /* LaunchScreen.storyboard */ = {
			isa = PBXVariantGroup;
			children = (
				BC21AC6C1D49F14E00377DFB /* Base */,
			);
			name = LaunchScreen.storyboard;
			sourceTree = "<group>";
		};
		BC21ACA61D4A0D1A00377DFB /* MainInterface.storyboard */ = {
			isa = PBXVariantGroup;
			children = (
				BC21ACA71D4A0D1A00377DFB /* Base */,
			);
			name = MainInterface.storyboard;
			sourceTree = "<group>";
		};
/* End PBXVariantGroup section */

/* Begin XCBuildConfiguration section */
		BC21AC851D49F14E00377DFB /* Debug */ = {
			isa = XCBuildConfiguration;
			buildSettings = {
				ALWAYS_SEARCH_USER_PATHS = NO;
				CLANG_ANALYZER_NONNULL = YES;
				CLANG_CXX_LANGUAGE_STANDARD = "gnu++0x";
				CLANG_CXX_LIBRARY = "libc++";
				CLANG_ENABLE_MODULES = YES;
				CLANG_ENABLE_OBJC_ARC = YES;
				CLANG_WARN_BOOL_CONVERSION = YES;
				CLANG_WARN_CONSTANT_CONVERSION = YES;
				CLANG_WARN_DIRECT_OBJC_ISA_USAGE = YES_ERROR;
				CLANG_WARN_EMPTY_BODY = YES;
				CLANG_WARN_ENUM_CONVERSION = YES;
				CLANG_WARN_INT_CONVERSION = YES;
				CLANG_WARN_OBJC_ROOT_CLASS = YES_ERROR;
				CLANG_WARN_UNREACHABLE_CODE = YES;
				CLANG_WARN__DUPLICATE_METHOD_MATCH = YES;
				"CODE_SIGN_IDENTITY[sdk=iphoneos*]" = "iPhone Developer";
				COPY_PHASE_STRIP = NO;
				DEBUG_INFORMATION_FORMAT = dwarf;
				ENABLE_STRICT_OBJC_MSGSEND = YES;
				ENABLE_TESTABILITY = YES;
				GCC_C_LANGUAGE_STANDARD = gnu99;
				GCC_DYNAMIC_NO_PIC = NO;
				GCC_NO_COMMON_BLOCKS = YES;
				GCC_OPTIMIZATION_LEVEL = 0;
				GCC_PREPROCESSOR_DEFINITIONS = (
					"DEBUG=1",
					"$(inherited)",
				);
				GCC_WARN_64_TO_32_BIT_CONVERSION = YES;
				GCC_WARN_ABOUT_RETURN_TYPE = YES_ERROR;
				GCC_WARN_UNDECLARED_SELECTOR = YES;
				GCC_WARN_UNINITIALIZED_AUTOS = YES_AGGRESSIVE;
				GCC_WARN_UNUSED_FUNCTION = YES;
				GCC_WARN_UNUSED_VARIABLE = YES;
				IPHONEOS_DEPLOYMENT_TARGET = 9.3;
				MTL_ENABLE_DEBUG_INFO = YES;
				ONLY_ACTIVE_ARCH = YES;
				SDKROOT = iphoneos;
				TARGETED_DEVICE_FAMILY = "1,2";
			};
			name = Debug;
		};
		BC21AC861D49F14E00377DFB /* Release */ = {
			isa = XCBuildConfiguration;
			buildSettings = {
				ALWAYS_SEARCH_USER_PATHS = NO;
				CLANG_ANALYZER_NONNULL = YES;
				CLANG_CXX_LANGUAGE_STANDARD = "gnu++0x";
				CLANG_CXX_LIBRARY = "libc++";
				CLANG_ENABLE_MODULES = YES;
				CLANG_ENABLE_OBJC_ARC = YES;
				CLANG_WARN_BOOL_CONVERSION = YES;
				CLANG_WARN_CONSTANT_CONVERSION = YES;
				CLANG_WARN_DIRECT_OBJC_ISA_USAGE = YES_ERROR;
				CLANG_WARN_EMPTY_BODY = YES;
				CLANG_WARN_ENUM_CONVERSION = YES;
				CLANG_WARN_INT_CONVERSION = YES;
				CLANG_WARN_OBJC_ROOT_CLASS = YES_ERROR;
				CLANG_WARN_UNREACHABLE_CODE = YES;
				CLANG_WARN__DUPLICATE_METHOD_MATCH = YES;
				"CODE_SIGN_IDENTITY[sdk=iphoneos*]" = "iPhone Developer";
				COPY_PHASE_STRIP = NO;
				DEBUG_INFORMATION_FORMAT = "dwarf-with-dsym";
				ENABLE_NS_ASSERTIONS = NO;
				ENABLE_STRICT_OBJC_MSGSEND = YES;
				GCC_C_LANGUAGE_STANDARD = gnu99;
				GCC_NO_COMMON_BLOCKS = YES;
				GCC_WARN_64_TO_32_BIT_CONVERSION = YES;
				GCC_WARN_ABOUT_RETURN_TYPE = YES_ERROR;
				GCC_WARN_UNDECLARED_SELECTOR = YES;
				GCC_WARN_UNINITIALIZED_AUTOS = YES_AGGRESSIVE;
				GCC_WARN_UNUSED_FUNCTION = YES;
				GCC_WARN_UNUSED_VARIABLE = YES;
				IPHONEOS_DEPLOYMENT_TARGET = 9.3;
				MTL_ENABLE_DEBUG_INFO = NO;
				SDKROOT = iphoneos;
				TARGETED_DEVICE_FAMILY = "1,2";
				VALIDATE_PRODUCT = YES;
			};
			name = Release;
		};
		BC21AC881D49F14E00377DFB /* Debug */ = {
			isa = XCBuildConfiguration;
			buildSettings = {
				ASSETCATALOG_COMPILER_APPICON_NAME = AppIcon;
				INFOPLIST_FILE = Weather/Info.plist;
				LD_RUNPATH_SEARCH_PATHS = "$(inherited) @executable_path/Frameworks";
				PRODUCT_BUNDLE_IDENTIFIER = me.dmi3j.Weather;
				PRODUCT_NAME = "$(TARGET_NAME)";
			};
			name = Debug;
		};
		BC21AC891D49F14E00377DFB /* Release */ = {
			isa = XCBuildConfiguration;
			buildSettings = {
				ASSETCATALOG_COMPILER_APPICON_NAME = AppIcon;
				INFOPLIST_FILE = Weather/Info.plist;
				LD_RUNPATH_SEARCH_PATHS = "$(inherited) @executable_path/Frameworks";
				PRODUCT_BUNDLE_IDENTIFIER = me.dmi3j.Weather;
				PRODUCT_NAME = "$(TARGET_NAME)";
			};
			name = Release;
		};
		BC21AC8B1D49F14E00377DFB /* Debug */ = {
			isa = XCBuildConfiguration;
			buildSettings = {
				BUNDLE_LOADER = "$(TEST_HOST)";
				INFOPLIST_FILE = WeatherTests/Info.plist;
				LD_RUNPATH_SEARCH_PATHS = "$(inherited) @executable_path/Frameworks @loader_path/Frameworks";
				PRODUCT_BUNDLE_IDENTIFIER = me.dmi3j.WeatherTests;
				PRODUCT_NAME = "$(TARGET_NAME)";
				TEST_HOST = "$(BUILT_PRODUCTS_DIR)/Weather.app/Weather";
			};
			name = Debug;
		};
		BC21AC8C1D49F14E00377DFB /* Release */ = {
			isa = XCBuildConfiguration;
			buildSettings = {
				BUNDLE_LOADER = "$(TEST_HOST)";
				INFOPLIST_FILE = WeatherTests/Info.plist;
				LD_RUNPATH_SEARCH_PATHS = "$(inherited) @executable_path/Frameworks @loader_path/Frameworks";
				PRODUCT_BUNDLE_IDENTIFIER = me.dmi3j.WeatherTests;
				PRODUCT_NAME = "$(TARGET_NAME)";
				TEST_HOST = "$(BUILT_PRODUCTS_DIR)/Weather.app/Weather";
			};
			name = Release;
		};
		BC21AC8E1D49F14E00377DFB /* Debug */ = {
			isa = XCBuildConfiguration;
			buildSettings = {
				INFOPLIST_FILE = WeatherUITests/Info.plist;
				LD_RUNPATH_SEARCH_PATHS = "$(inherited) @executable_path/Frameworks @loader_path/Frameworks";
				PRODUCT_BUNDLE_IDENTIFIER = me.dmi3j.WeatherUITests;
				PRODUCT_NAME = "$(TARGET_NAME)";
				TEST_TARGET_NAME = Weather;
			};
			name = Debug;
		};
		BC21AC8F1D49F14E00377DFB /* Release */ = {
			isa = XCBuildConfiguration;
			buildSettings = {
				INFOPLIST_FILE = WeatherUITests/Info.plist;
				LD_RUNPATH_SEARCH_PATHS = "$(inherited) @executable_path/Frameworks @loader_path/Frameworks";
				PRODUCT_BUNDLE_IDENTIFIER = me.dmi3j.WeatherUITests;
				PRODUCT_NAME = "$(TARGET_NAME)";
				TEST_TARGET_NAME = Weather;
			};
			name = Release;
		};
		BC21ACAD1D4A0D1A00377DFB /* Debug */ = {
			isa = XCBuildConfiguration;
			buildSettings = {
				INFOPLIST_FILE = "Norkalni Weather/Info.plist";
				LD_RUNPATH_SEARCH_PATHS = "$(inherited) @executable_path/Frameworks @executable_path/../../Frameworks";
				PRODUCT_BUNDLE_IDENTIFIER = "me.dmi3j.Weather.Norkalni-Weather";
				PRODUCT_NAME = "$(TARGET_NAME)";
				SKIP_INSTALL = YES;
			};
			name = Debug;
		};
		BC21ACAE1D4A0D1A00377DFB /* Release */ = {
			isa = XCBuildConfiguration;
			buildSettings = {
				INFOPLIST_FILE = "Norkalni Weather/Info.plist";
				LD_RUNPATH_SEARCH_PATHS = "$(inherited) @executable_path/Frameworks @executable_path/../../Frameworks";
				PRODUCT_BUNDLE_IDENTIFIER = "me.dmi3j.Weather.Norkalni-Weather";
				PRODUCT_NAME = "$(TARGET_NAME)";
				SKIP_INSTALL = YES;
			};
			name = Release;
		};
		BC21ACCE1D4A111C00377DFB /* Debug */ = {
			isa = XCBuildConfiguration;
			buildSettings = {
				CURRENT_PROJECT_VERSION = 1;
				DEFINES_MODULE = YES;
				DYLIB_COMPATIBILITY_VERSION = 1;
				DYLIB_CURRENT_VERSION = 1;
				DYLIB_INSTALL_NAME_BASE = "@rpath";
				INFOPLIST_FILE = WeatherFramework/Info.plist;
				INSTALL_PATH = "$(LOCAL_LIBRARY_DIR)/Frameworks";
				LD_RUNPATH_SEARCH_PATHS = "$(inherited) @executable_path/Frameworks @loader_path/Frameworks";
				PRODUCT_BUNDLE_IDENTIFIER = me.dmi3j.WeatherFramework;
				PRODUCT_NAME = "$(TARGET_NAME)";
				SKIP_INSTALL = YES;
				VERSIONING_SYSTEM = "apple-generic";
				VERSION_INFO_PREFIX = "";
			};
			name = Debug;
		};
		BC21ACCF1D4A111C00377DFB /* Release */ = {
			isa = XCBuildConfiguration;
			buildSettings = {
				CURRENT_PROJECT_VERSION = 1;
				DEFINES_MODULE = YES;
				DYLIB_COMPATIBILITY_VERSION = 1;
				DYLIB_CURRENT_VERSION = 1;
				DYLIB_INSTALL_NAME_BASE = "@rpath";
				INFOPLIST_FILE = WeatherFramework/Info.plist;
				INSTALL_PATH = "$(LOCAL_LIBRARY_DIR)/Frameworks";
				LD_RUNPATH_SEARCH_PATHS = "$(inherited) @executable_path/Frameworks @loader_path/Frameworks";
				PRODUCT_BUNDLE_IDENTIFIER = me.dmi3j.WeatherFramework;
				PRODUCT_NAME = "$(TARGET_NAME)";
				SKIP_INSTALL = YES;
				VERSIONING_SYSTEM = "apple-generic";
				VERSION_INFO_PREFIX = "";
			};
			name = Release;
		};
		BC21ACD21D4A111C00377DFB /* Debug */ = {
			isa = XCBuildConfiguration;
			buildSettings = {
				INFOPLIST_FILE = WeatherFrameworkTests/Info.plist;
				LD_RUNPATH_SEARCH_PATHS = "$(inherited) @executable_path/Frameworks @loader_path/Frameworks";
				PRODUCT_BUNDLE_IDENTIFIER = me.dmi3j.WeatherFrameworkTests;
				PRODUCT_NAME = "$(TARGET_NAME)";
				TEST_HOST = "$(BUILT_PRODUCTS_DIR)/Weather.app/Weather";
			};
			name = Debug;
		};
		BC21ACD31D4A111C00377DFB /* Release */ = {
			isa = XCBuildConfiguration;
			buildSettings = {
				INFOPLIST_FILE = WeatherFrameworkTests/Info.plist;
				LD_RUNPATH_SEARCH_PATHS = "$(inherited) @executable_path/Frameworks @loader_path/Frameworks";
				PRODUCT_BUNDLE_IDENTIFIER = me.dmi3j.WeatherFrameworkTests;
				PRODUCT_NAME = "$(TARGET_NAME)";
				TEST_HOST = "$(BUILT_PRODUCTS_DIR)/Weather.app/Weather";
			};
			name = Release;
		};
/* End XCBuildConfiguration section */

/* Begin XCConfigurationList section */
		BC21AC551D49F14E00377DFB /* Build configuration list for PBXProject "Weather" */ = {
			isa = XCConfigurationList;
			buildConfigurations = (
				BC21AC851D49F14E00377DFB /* Debug */,
				BC21AC861D49F14E00377DFB /* Release */,
			);
			defaultConfigurationIsVisible = 0;
			defaultConfigurationName = Release;
		};
		BC21AC871D49F14E00377DFB /* Build configuration list for PBXNativeTarget "Weather" */ = {
			isa = XCConfigurationList;
			buildConfigurations = (
				BC21AC881D49F14E00377DFB /* Debug */,
				BC21AC891D49F14E00377DFB /* Release */,
			);
			defaultConfigurationIsVisible = 0;
			defaultConfigurationName = Release;
		};
		BC21AC8A1D49F14E00377DFB /* Build configuration list for PBXNativeTarget "WeatherTests" */ = {
			isa = XCConfigurationList;
			buildConfigurations = (
				BC21AC8B1D49F14E00377DFB /* Debug */,
				BC21AC8C1D49F14E00377DFB /* Release */,
			);
			defaultConfigurationIsVisible = 0;
			defaultConfigurationName = Release;
		};
		BC21AC8D1D49F14E00377DFB /* Build configuration list for PBXNativeTarget "WeatherUITests" */ = {
			isa = XCConfigurationList;
			buildConfigurations = (
				BC21AC8E1D49F14E00377DFB /* Debug */,
				BC21AC8F1D49F14E00377DFB /* Release */,
			);
			defaultConfigurationIsVisible = 0;
			defaultConfigurationName = Release;
		};
		BC21ACAF1D4A0D1A00377DFB /* Build configuration list for PBXNativeTarget "Norkalni Weather" */ = {
			isa = XCConfigurationList;
			buildConfigurations = (
				BC21ACAD1D4A0D1A00377DFB /* Debug */,
				BC21ACAE1D4A0D1A00377DFB /* Release */,
			);
			defaultConfigurationIsVisible = 0;
		};
		BC21ACCD1D4A111C00377DFB /* Build configuration list for PBXNativeTarget "WeatherFramework" */ = {
			isa = XCConfigurationList;
			buildConfigurations = (
				BC21ACCE1D4A111C00377DFB /* Debug */,
				BC21ACCF1D4A111C00377DFB /* Release */,
			);
			defaultConfigurationIsVisible = 0;
		};
		BC21ACD11D4A111C00377DFB /* Build configuration list for PBXNativeTarget "WeatherFrameworkTests" */ = {
			isa = XCConfigurationList;
			buildConfigurations = (
				BC21ACD21D4A111C00377DFB /* Debug */,
				BC21ACD31D4A111C00377DFB /* Release */,
			);
			defaultConfigurationIsVisible = 0;
		};
/* End XCConfigurationList section */
	};
	rootObject = BC21AC521D49F14E00377DFB /* Project object */;
}
